
Microsoft Visual Studio Solution File, Format Version 12.00
# Visual Studio Version 17
VisualStudioVersion = 17.13.35931.197 d17.13
MinimumVisualStudioVersion = 10.0.40219.1
Project("{FAE04EC0-301F-11D3-BF4B-00C04F79EFBC}") = "20250922_HereWeGoAgain", "20250922_HereWeGoAgain.csproj", "{F45BC25B-BE9C-4D39-8BF1-F298A34FCDD3}"
EndProject
Global
	GlobalSection(SolutionConfigurationPlatforms) = preSolution
		Debug|Any CPU = Debug|Any CPU
		Release|Any CPU = Release|Any CPU
	EndGlobalSection
	GlobalSection(ProjectConfigurationPlatforms) = postSolution
		{F45BC25B-BE9C-4D39-8BF1-F298A34FCDD3}.Debug|Any CPU.ActiveCfg = Debug|Any CPU
		{F45BC25B-BE9C-4D39-8BF1-F298A34FCDD3}.Debug|Any CPU.Build.0 = Debug|Any CPU
		{F45BC25B-BE9C-4D39-8BF1-F298A34FCDD3}.Release|Any CPU.ActiveCfg = Release|Any CPU
		{F45BC25B-BE9C-4D39-8BF1-F298A34FCDD3}.Release|Any CPU.Build.0 = Release|Any CPU
	EndGlobalSection
	GlobalSection(SolutionProperties) = preSolution
		HideSolutionNode = FALSE
	EndGlobalSection
	GlobalSection(ExtensibilityGlobals) = postSolution
		SolutionGuid = {EE399FA7-AC3E-448A-AE65-904F585790DC}
	EndGlobalSection
EndGlobal
